{
  "name": "cosmosdbcollectionmanagement",
  "version": "0.1.0",
  "lockfileVersion": 1,
  "requires": true,
  "dependencies": {
    "@types/documentdb": {
      "version": "1.10.5",
      "resolved": "https://registry.npmjs.org/@types/documentdb/-/documentdb-1.10.5.tgz",
      "integrity": "sha512-FHQV9Nc1ffrLkQxO0zFlDCRPyHZtuKmAAuJIi278COhtkKBuBRuKOzoO3JlT0yfUrivPjAzNae+gh9fS++r0Ag==",
      "requires": {
        "@types/node": "*"
      }
    },
    "@types/mocha": {
      "version": "5.2.5",
      "resolved": "https://registry.npmjs.org/@types/mocha/-/mocha-5.2.5.tgz",
      "integrity": "sha512-lAVp+Kj54ui/vLUFxsJTMtWvZraZxum3w3Nwkble2dNuV5VnPA+Mi2oGX9XYJAaIvZi3tn3cbjS/qcJXRb6Bww=="
    },
    "@types/node": {
      "version": "10.5.4",
      "resolved": "https://registry.npmjs.org/@types/node/-/node-10.5.4.tgz",
      "integrity": "sha512-8TqvB0ReZWwtcd3LXq3YSrBoLyXFgBX/sBZfGye9+YS8zH7/g+i6QRIuiDmwBoTzcQ/pk89nZYTYU4c5akKkzw=="
    },
    "@types/q": {
      "version": "1.5.0",
      "resolved": "https://registry.npmjs.org/@types/q/-/q-1.5.0.tgz",
      "integrity": "sha512-sWj7AMiG0fYmta6ug1ublLjtj/tqn+CnCZeo7yswR1ykxel0FOWFGdWviTcGSNAMmtLbycDqbg6w98VPFKJmbw=="
    },
    "balanced-match": {
      "version": "1.0.0",
      "resolved": "https://registry.npmjs.org/balanced-match/-/balanced-match-1.0.0.tgz",
      "integrity": "sha1-ibTRmasr7kneFk6gK4nORi1xt2c="
    },
    "big-integer": {
      "version": "1.6.32",
      "resolved": "https://registry.npmjs.org/big-integer/-/big-integer-1.6.32.tgz",
      "integrity": "sha512-ljKJdR3wk9thHfLj4DtrNiOSTxvGFaMjWrG4pW75juXC4j7+XuKJVFdg4kgFMYp85PVkO05dFMj2dk2xVsH4xw=="
    },
    "binary-search-bounds": {
      "version": "2.0.3",
      "resolved": "https://registry.npmjs.org/binary-search-bounds/-/binary-search-bounds-2.0.3.tgz",
      "integrity": "sha1-X/hhbW3SylOIvIWy1iZuK52lAtw="
    },
    "brace-expansion": {
      "version": "1.1.11",
      "resolved": "https://registry.npmjs.org/brace-expansion/-/brace-expansion-1.1.11.tgz",
      "integrity": "sha512-iCuPHDFgrHX7H2vEI/5xpz07zSHB00TpugqhmYtVmMO6518mCuRMoOYFldEBl0g187ufozdaHgWKcYFb61qGiA==",
      "requires": {
        "balanced-match": "^1.0.0",
        "concat-map": "0.0.1"
      }
    },
    "concat-map": {
      "version": "0.0.1",
      "resolved": "https://registry.npmjs.org/concat-map/-/concat-map-0.0.1.tgz",
      "integrity": "sha1-2Klr13/Wjfd5OnMDajug1UBdR3s="
    },
    "documentdb": {
      "version": "1.14.5",
      "resolved": "https://registry.npmjs.org/documentdb/-/documentdb-1.14.5.tgz",
      "integrity": "sha512-0nDoQQiq5jzGIxOQF2y2bUOrFYehvk9pIrXy0dscXc3JsepNYhNVmjIsug5sgYPbt+XUYtMXpsfjzGCnYgNXgw==",
      "requires": {
        "big-integer": "^1.6.25",
        "binary-search-bounds": "2.0.3",
        "int64-buffer": "^0.1.9",
        "priorityqueuejs": "1.0.0",
        "semaphore": "1.0.5",
        "tunnel": "0.0.5",
        "underscore": "1.8.3"
      }
    },
    "int64-buffer": {
      "version": "0.1.10",
      "resolved": "https://registry.npmjs.org/int64-buffer/-/int64-buffer-0.1.10.tgz",
      "integrity": "sha1-J3siiofZWtd30HwTgyAiQGpHNCM="
    },
    "minimatch": {
      "version": "3.0.4",
      "resolved": "https://registry.npmjs.org/minimatch/-/minimatch-3.0.4.tgz",
      "integrity": "sha512-yJHVQEhyqPLUTgt9B83PXu6W3rx4MvvHvSUvToogpwoGDOUQ+yDrR0HRot+yOCdCO7u4hX3pWft6kWBBcqh0UA==",
      "requires": {
        "brace-expansion": "^1.1.7"
      }
    },
    "mockery": {
      "version": "1.7.0",
      "resolved": "https://registry.npmjs.org/mockery/-/mockery-1.7.0.tgz",
      "integrity": "sha1-9O3g2HUMHJcnwnLqLGBiniyaHE8="
    },
    "priorityqueuejs": {
      "version": "1.0.0",
      "resolved": "https://registry.npmjs.org/priorityqueuejs/-/priorityqueuejs-1.0.0.tgz",
      "integrity": "sha1-LuTyPCVgkT4IwHzlzN1t498sWvg="
    },
    "q": {
      "version": "1.5.1",
      "resolved": "https://registry.npmjs.org/q/-/q-1.5.1.tgz",
      "integrity": "sha1-fjL3W0E4EpHQRhHxvxQQmsAGUdc="
    },
    "semaphore": {
      "version": "1.0.5",
      "resolved": "https://registry.npmjs.org/semaphore/-/semaphore-1.0.5.tgz",
      "integrity": "sha1-tJJXbmavGT25XWXiXsU/Xxl5jWA="
    },
    "semver": {
      "version": "5.5.0",
      "resolved": "https://registry.npmjs.org/semver/-/semver-5.5.0.tgz",
      "integrity": "sha512-4SJ3dm0WAwWy/NVeioZh5AntkdJoWKxHxcmyP622fOkgHa4z3R0TdBJICINyaSDE6uNwVc8gZr+ZinwZAH4xIA=="
    },
    "shelljs": {
      "version": "0.3.0",
      "resolved": "https://registry.npmjs.org/shelljs/-/shelljs-0.3.0.tgz",
      "integrity": "sha1-NZbmMHp4FUT1kfN9phg2DzHbV7E="
    },
    "tunnel": {
      "version": "0.0.5",
      "resolved": "https://registry.npmjs.org/tunnel/-/tunnel-0.0.5.tgz",
      "integrity": "sha512-gj5sdqherx4VZKMcBA4vewER7zdK25Td+z1npBqpbDys4eJrLx+SlYjJvq1bDXs2irkuJM5pf8ktaEQVipkrbA=="
    },
    "underscore": {
      "version": "1.8.3",
      "resolved": "https://registry.npmjs.org/underscore/-/underscore-1.8.3.tgz",
      "integrity": "sha1-Tz+1OxBuYJf8+ctBCfKl6b36UCI="
    },
    "uuid": {
      "version": "3.3.2",
      "resolved": "https://registry.npmjs.org/uuid/-/uuid-3.3.2.tgz",
      "integrity": "sha512-yXJmeNaw3DnnKAOKJE51sL/ZaYfWJRl1pK9dr19YFCu0ObS231AB1/LbqTKRAQ5kw8A90rA6fr4riOUpTZvQZA=="
    },
    "vsts-task-lib": {
      "version": "2.6.0",
      "resolved": "https://registry.npmjs.org/vsts-task-lib/-/vsts-task-lib-2.6.0.tgz",
      "integrity": "sha512-ja2qX4BIUvswcNbGtIoGo1SM5mRVc3Yaf7oM4oY64bNHs04chKfvH6f3cDDG0pd44OrZIGQE9LgECzeau6z2wA==",
      "requires": {
        "minimatch": "3.0.4",
        "mockery": "^1.7.0",
        "q": "^1.1.2",
        "semver": "^5.1.0",
        "shelljs": "^0.3.0",
        "uuid": "^3.0.1"
      }
    }
  }
}
